
Microsoft Visual Studio Solution File, Format Version 12.00
# Visual Studio Version 16
VisualStudioVersion = 16.0.29519.87
MinimumVisualStudioVersion = 10.0.40219.1
Project("{FAE04EC0-301F-11D3-BF4B-00C04F79EFBC}") = "VehicleDashConcept", "VehicleDashConcept\VehicleDashConcept.csproj", "{8128D574-073A-45AB-BD18-702E8AD816B7}"
EndProject
Global
	GlobalSection(SolutionConfigurationPlatforms) = preSolution
		Debug|Any CPU = Debug|Any CPU
		Release|Any CPU = Release|Any CPU
	EndGlobalSection
	GlobalSection(ProjectConfigurationPlatforms) = postSolution
		{8128D574-073A-45AB-BD18-702E8AD816B7}.Debug|Any CPU.ActiveCfg = Debug|Any CPU
		{8128D574-073A-45AB-BD18-702E8AD816B7}.Debug|Any CPU.Build.0 = Debug|Any CPU
		{8128D574-073A-45AB-BD18-702E8AD816B7}.Release|Any CPU.ActiveCfg = Release|Any CPU
		{8128D574-073A-45AB-BD18-702E8AD816B7}.Release|Any CPU.Build.0 = Release|Any CPU
	EndGlobalSection
	GlobalSection(SolutionProperties) = preSolution
		HideSolutionNode = FALSE
	EndGlobalSection
	GlobalSection(ExtensibilityGlobals) = postSolution
		SolutionGuid = {79A18005-6BCB-40D9-BAF5-35A1C27C1691}
	EndGlobalSection
EndGlobal
